
Microsoft Visual Studio Solution File, Format Version 12.00
# Visual Studio Version 17
VisualStudioVersion = 17.4.32804.182
MinimumVisualStudioVersion = 10.0.40219.1
Project("{9A19103F-16F7-4668-BE54-9A1E7A4F7556}") = "mhrastegari", "mhrastegari\mhrastegari.csproj", "{FEB5C606-9D49-4885-83E3-74A99DDA383C}"
EndProject
Project("{2150E333-8FDC-42A3-9474-1A3956D46DE8}") = "Solution Items", "Solution Items", "{DC998D6A-8288-41AC-A240-4F162C1B6F63}"
	ProjectSection(SolutionItems) = preProject
		global.json = global.json
	EndProjectSection
EndProject
Global
	GlobalSection(SolutionConfigurationPlatforms) = preSolution
		Debug|Any CPU = Debug|Any CPU
		Release|Any CPU = Release|Any CPU
	EndGlobalSection
	GlobalSection(ProjectConfigurationPlatforms) = postSolution
		{FEB5C606-9D49-4885-83E3-74A99DDA383C}.Debug|Any CPU.ActiveCfg = Debug|Any CPU
		{FEB5C606-9D49-4885-83E3-74A99DDA383C}.Debug|Any CPU.Build.0 = Debug|Any CPU
		{FEB5C606-9D49-4885-83E3-74A99DDA383C}.Release|Any CPU.ActiveCfg = Release|Any CPU
		{FEB5C606-9D49-4885-83E3-74A99DDA383C}.Release|Any CPU.Build.0 = Release|Any CPU
	EndGlobalSection
	GlobalSection(SolutionProperties) = preSolution
		HideSolutionNode = FALSE
	EndGlobalSection
	GlobalSection(ExtensibilityGlobals) = postSolution
		SolutionGuid = {9D215967-458E-41CD-92F7-99C3D4D9DA1B}
	EndGlobalSection
EndGlobal
